
Microsoft Visual Studio Solution File, Format Version 12.00
# Visual Studio 14
VisualStudioVersion = 14.0.22013.1
MinimumVisualStudioVersion = 10.0.40219.1
Project("{FAE04EC0-301F-11D3-BF4B-00C04F79EFBC}") = "BindingSymbols", "BindingSymbols\BindingSymbols.csproj", "{DEEC0914-BFC7-4730-BD85-5B3E3BDD3E02}"
EndProject
Project("{FAE04EC0-301F-11D3-BF4B-00C04F79EFBC}") = "GetConstantValueDemo", "GetConstantValueDemo\GetConstantValueDemo.csproj", "{CE3A2E66-0A0B-4CBC-8B0E-26F1CC596DB3}"
EndProject
Project("{FAE04EC0-301F-11D3-BF4B-00C04F79EFBC}") = "WorkingWithSymbols", "WorkingWithSymbols\WorkingWithSymbols.csproj", "{B06EB0AF-A12F-43E5-BAB0-77628CDD1193}"
EndProject
Global
	GlobalSection(SolutionConfigurationPlatforms) = preSolution
		Debug|x86 = Debug|x86
		Release|x86 = Release|x86
	EndGlobalSection
	GlobalSection(ProjectConfigurationPlatforms) = postSolution
		{DEEC0914-BFC7-4730-BD85-5B3E3BDD3E02}.Debug|x86.ActiveCfg = Debug|x86
		{DEEC0914-BFC7-4730-BD85-5B3E3BDD3E02}.Debug|x86.Build.0 = Debug|x86
		{DEEC0914-BFC7-4730-BD85-5B3E3BDD3E02}.Release|x86.ActiveCfg = Release|x86
		{DEEC0914-BFC7-4730-BD85-5B3E3BDD3E02}.Release|x86.Build.0 = Release|x86
		{CE3A2E66-0A0B-4CBC-8B0E-26F1CC596DB3}.Debug|x86.ActiveCfg = Debug|x86
		{CE3A2E66-0A0B-4CBC-8B0E-26F1CC596DB3}.Debug|x86.Build.0 = Debug|x86
		{CE3A2E66-0A0B-4CBC-8B0E-26F1CC596DB3}.Release|x86.ActiveCfg = Release|x86
		{CE3A2E66-0A0B-4CBC-8B0E-26F1CC596DB3}.Release|x86.Build.0 = Release|x86
		{B06EB0AF-A12F-43E5-BAB0-77628CDD1193}.Debug|x86.ActiveCfg = Debug|x86
		{B06EB0AF-A12F-43E5-BAB0-77628CDD1193}.Debug|x86.Build.0 = Debug|x86
		{B06EB0AF-A12F-43E5-BAB0-77628CDD1193}.Release|x86.ActiveCfg = Release|x86
		{B06EB0AF-A12F-43E5-BAB0-77628CDD1193}.Release|x86.Build.0 = Release|x86
	EndGlobalSection
	GlobalSection(SolutionProperties) = preSolution
		HideSolutionNode = FALSE
	EndGlobalSection
EndGlobal
