
Microsoft Visual Studio Solution File, Format Version 12.00
# Visual Studio Version 16
VisualStudioVersion = 16.0.29230.47
MinimumVisualStudioVersion = 10.0.40219.1
Project("{FAE04EC0-301F-11D3-BF4B-00C04F79EFBC}") = "Tests", "Tests\Tests.csproj", "{76003050-E6BB-46E5-B7A8-40655FD251B9}"
EndProject
Project("{FAE04EC0-301F-11D3-BF4B-00C04F79EFBC}") = "InspectCode", "InspectCode\InspectCode.csproj", "{4DA2EC9E-0410-4362-B409-64CD01A0333A}"
EndProject
Global
	GlobalSection(SolutionConfigurationPlatforms) = preSolution
		Debug|Any CPU = Debug|Any CPU
		Debug|Mixed Platforms = Debug|Mixed Platforms
		Debug|x86 = Debug|x86
		Release|Any CPU = Release|Any CPU
		Release|Mixed Platforms = Release|Mixed Platforms
		Release|x86 = Release|x86
	EndGlobalSection
	GlobalSection(ProjectConfigurationPlatforms) = postSolution
		{76003050-E6BB-46E5-B7A8-40655FD251B9}.Debug|Any CPU.ActiveCfg = Debug|Any CPU
		{76003050-E6BB-46E5-B7A8-40655FD251B9}.Debug|Any CPU.Build.0 = Debug|Any CPU
		{76003050-E6BB-46E5-B7A8-40655FD251B9}.Debug|Mixed Platforms.ActiveCfg = Debug|Any CPU
		{76003050-E6BB-46E5-B7A8-40655FD251B9}.Debug|Mixed Platforms.Build.0 = Debug|Any CPU
		{76003050-E6BB-46E5-B7A8-40655FD251B9}.Debug|x86.ActiveCfg = Debug|Any CPU
		{76003050-E6BB-46E5-B7A8-40655FD251B9}.Release|Any CPU.ActiveCfg = Release|Any CPU
		{76003050-E6BB-46E5-B7A8-40655FD251B9}.Release|Any CPU.Build.0 = Release|Any CPU
		{76003050-E6BB-46E5-B7A8-40655FD251B9}.Release|Mixed Platforms.ActiveCfg = Release|Any CPU
		{76003050-E6BB-46E5-B7A8-40655FD251B9}.Release|Mixed Platforms.Build.0 = Release|Any CPU
		{76003050-E6BB-46E5-B7A8-40655FD251B9}.Release|x86.ActiveCfg = Release|Any CPU
		{4DA2EC9E-0410-4362-B409-64CD01A0333A}.Debug|Any CPU.ActiveCfg = Debug|Any CPU
		{4DA2EC9E-0410-4362-B409-64CD01A0333A}.Debug|Any CPU.Build.0 = Debug|Any CPU
		{4DA2EC9E-0410-4362-B409-64CD01A0333A}.Debug|Mixed Platforms.ActiveCfg = Debug|Any CPU
		{4DA2EC9E-0410-4362-B409-64CD01A0333A}.Debug|Mixed Platforms.Build.0 = Debug|Any CPU
		{4DA2EC9E-0410-4362-B409-64CD01A0333A}.Debug|x86.ActiveCfg = Debug|Any CPU
		{4DA2EC9E-0410-4362-B409-64CD01A0333A}.Debug|x86.Build.0 = Debug|Any CPU
		{4DA2EC9E-0410-4362-B409-64CD01A0333A}.Release|Any CPU.ActiveCfg = Release|Any CPU
		{4DA2EC9E-0410-4362-B409-64CD01A0333A}.Release|Any CPU.Build.0 = Release|Any CPU
		{4DA2EC9E-0410-4362-B409-64CD01A0333A}.Release|Mixed Platforms.ActiveCfg = Release|Any CPU
		{4DA2EC9E-0410-4362-B409-64CD01A0333A}.Release|Mixed Platforms.Build.0 = Release|Any CPU
		{4DA2EC9E-0410-4362-B409-64CD01A0333A}.Release|x86.ActiveCfg = Release|Any CPU
		{4DA2EC9E-0410-4362-B409-64CD01A0333A}.Release|x86.Build.0 = Release|Any CPU
	EndGlobalSection
	GlobalSection(SolutionProperties) = preSolution
		HideSolutionNode = FALSE
	EndGlobalSection
	GlobalSection(ExtensibilityGlobals) = postSolution
		SolutionGuid = {DB670420-3C8E-477A-8E4F-1FA3F8068172}
	EndGlobalSection
EndGlobal
